// !$*UTF8*$!
{
	archiveVersion = 1;
	classes = {
	};
	objectVersion = 56;
	objects = {

/* Begin PBXBuildFile section */
		B5048292298E91EB00011316 /* Differentiator in Frameworks */ = {isa = PBXBuildFile; productRef = B5048291298E91EB00011316 /* Differentiator */; };
		B5048294298E91EB00011316 /* RxDataSources in Frameworks */ = {isa = PBXBuildFile; productRef = B5048293298E91EB00011316 /* RxDataSources */; };
		B5048298298F735D00011316 /* Memoria.swift in Sources */ = {isa = PBXBuildFile; fileRef = B5048297298F735D00011316 /* Memoria.swift */; };
		B52E8691298BCE6A0072F9E2 /* AppDelegate.swift in Sources */ = {isa = PBXBuildFile; fileRef = B52E8690298BCE6A0072F9E2 /* AppDelegate.swift */; };
		B52E8693298BCE6A0072F9E2 /* SceneDelegate.swift in Sources */ = {isa = PBXBuildFile; fileRef = B52E8692298BCE6A0072F9E2 /* SceneDelegate.swift */; };
		B52E869B298BCE6A0072F9E2 /* MemoriaMemoriaApp.xcdatamodeld in Sources */ = {isa = PBXBuildFile; fileRef = B52E8699298BCE6A0072F9E2 /* MemoriaMemoriaApp.xcdatamodeld */; };
		B52E869D298BCE6A0072F9E2 /* Assets.xcassets in Resources */ = {isa = PBXBuildFile; fileRef = B52E869C298BCE6A0072F9E2 /* Assets.xcassets */; };
		B52E86A0298BCE6A0072F9E2 /* LaunchScreen.storyboard in Resources */ = {isa = PBXBuildFile; fileRef = B52E869E298BCE6A0072F9E2 /* LaunchScreen.storyboard */; };
		B52E86AB298BCE6A0072F9E2 /* MemoriaTests.swift in Sources */ = {isa = PBXBuildFile; fileRef = B52E86AA298BCE6A0072F9E2 /* MemoriaTests.swift */; };
		B52E86B5298BCE6B0072F9E2 /* MemoriaUITests.swift in Sources */ = {isa = PBXBuildFile; fileRef = B52E86B4298BCE6B0072F9E2 /* MemoriaUITests.swift */; };
		B52E86B7298BCE6B0072F9E2 /* MemoriaUITestsLaunchTests.swift in Sources */ = {isa = PBXBuildFile; fileRef = B52E86B6298BCE6B0072F9E2 /* MemoriaUITestsLaunchTests.swift */; };
		B52E86C7298BCEE40072F9E2 /* ReusableIdentifier.swift in Sources */ = {isa = PBXBuildFile; fileRef = B52E86C6298BCEE40072F9E2 /* ReusableIdentifier.swift */; };
		B52E86CA298BCF220072F9E2 /* UIColor+extension.swift in Sources */ = {isa = PBXBuildFile; fileRef = B52E86C9298BCF220072F9E2 /* UIColor+extension.swift */; };
		B52E86CD298BCF420072F9E2 /* HomeViewController.swift in Sources */ = {isa = PBXBuildFile; fileRef = B52E86CC298BCF420072F9E2 /* HomeViewController.swift */; };
		B52E86D4298BD11F0072F9E2 /* BaseViewController.swift in Sources */ = {isa = PBXBuildFile; fileRef = B52E86D3298BD11F0072F9E2 /* BaseViewController.swift */; };
		B52E86DF298BD93F0072F9E2 /* SnapKit in Frameworks */ = {isa = PBXBuildFile; productRef = B52E86DE298BD93F0072F9E2 /* SnapKit */; };
		B52E86E4298BEA090072F9E2 /* CustomTabbarController.swift in Sources */ = {isa = PBXBuildFile; fileRef = B52E86E3298BEA090072F9E2 /* CustomTabbarController.swift */; };
		B52E86E8298BFFCC0072F9E2 /* BottomTabbarItem.swift in Sources */ = {isa = PBXBuildFile; fileRef = B52E86E7298BFFCC0072F9E2 /* BottomTabbarItem.swift */; };
		B52E86EA298C000A0072F9E2 /* TabBarItemView.swift in Sources */ = {isa = PBXBuildFile; fileRef = B52E86E9298C000A0072F9E2 /* TabBarItemView.swift */; };
		B52E86EC298D55850072F9E2 /* Main.storyboard in Resources */ = {isa = PBXBuildFile; fileRef = B52E86EB298D55850072F9E2 /* Main.storyboard */; };
		B52E86F0298D62FF0072F9E2 /* SettingViewController.swift in Sources */ = {isa = PBXBuildFile; fileRef = B52E86EF298D62FF0072F9E2 /* SettingViewController.swift */; };
		B52E86F3298E38510072F9E2 /* ViewEmbdder.swift in Sources */ = {isa = PBXBuildFile; fileRef = B52E86F2298E38510072F9E2 /* ViewEmbdder.swift */; };
		B52E86F5298E42F20072F9E2 /* SettingCell.swift in Sources */ = {isa = PBXBuildFile; fileRef = B52E86F4298E42F20072F9E2 /* SettingCell.swift */; };
		B52E86F8298E47FA0072F9E2 /* HomeViewModel.swift in Sources */ = {isa = PBXBuildFile; fileRef = B52E86F7298E47FA0072F9E2 /* HomeViewModel.swift */; };
		B52E86FD298E48190072F9E2 /* RxCocoa in Frameworks */ = {isa = PBXBuildFile; productRef = B52E86FC298E48190072F9E2 /* RxCocoa */; };
		B52E86FF298E48190072F9E2 /* RxRelay in Frameworks */ = {isa = PBXBuildFile; productRef = B52E86FE298E48190072F9E2 /* RxRelay */; };
		B52E8701298E48190072F9E2 /* RxSwift in Frameworks */ = {isa = PBXBuildFile; productRef = B52E8700298E48190072F9E2 /* RxSwift */; };
		B5464F2F29A1DE9A00860CD3 /* UICollectionView+Extension.swift in Sources */ = {isa = PBXBuildFile; fileRef = B5464F2E29A1DE9A00860CD3 /* UICollectionView+Extension.swift */; };
		B5471D6C29978A5300838140 /* EditViewController.swift in Sources */ = {isa = PBXBuildFile; fileRef = B5471D6B29978A5300838140 /* EditViewController.swift */; };
		B5471D6E2997E82800838140 /* CalendarCell.swift in Sources */ = {isa = PBXBuildFile; fileRef = B5471D6D2997E82800838140 /* CalendarCell.swift */; };
		B5488A43299A0132001AF114 /* FSCalendar in Frameworks */ = {isa = PBXBuildFile; productRef = B5488A42299A0132001AF114 /* FSCalendar */; };
		B5488A46299A07FA001AF114 /* ProfileViewController.swift in Sources */ = {isa = PBXBuildFile; fileRef = B5488A45299A07FA001AF114 /* ProfileViewController.swift */; };
		B5488A48299F5B72001AF114 /* ProfileViewModel.swift in Sources */ = {isa = PBXBuildFile; fileRef = B5488A47299F5B72001AF114 /* ProfileViewModel.swift */; };
		B5488A4C299F6A69001AF114 /* CalendarViewController.swift in Sources */ = {isa = PBXBuildFile; fileRef = B5488A4B299F6A69001AF114 /* CalendarViewController.swift */; };
		B5488A4E299F6A8C001AF114 /* CalendarViewModel.swift in Sources */ = {isa = PBXBuildFile; fileRef = B5488A4D299F6A8C001AF114 /* CalendarViewModel.swift */; };
		B54DB0DE29A3CB1B00F1BDBD /* CoreDataManager.swift in Sources */ = {isa = PBXBuildFile; fileRef = B54DB0DD29A3CB1B00F1BDBD /* CoreDataManager.swift */; };
		B56A2BD329961E8600829804 /* MemoriaCell.swift in Sources */ = {isa = PBXBuildFile; fileRef = B56A2BD229961E8600829804 /* MemoriaCell.swift */; };
		B5F13FDE29925D0D00FDF525 /* EmptyDataView.swift in Sources */ = {isa = PBXBuildFile; fileRef = B5F13FDD29925D0D00FDF525 /* EmptyDataView.swift */; };
		B5F13FE329929BC500FDF525 /* CalendarView.swift in Sources */ = {isa = PBXBuildFile; fileRef = B5F13FE229929BC500FDF525 /* CalendarView.swift */; };
/* End PBXBuildFile section */

/* Begin PBXContainerItemProxy section */
		B52E86A7298BCE6A0072F9E2 /* PBXContainerItemProxy */ = {
			isa = PBXContainerItemProxy;
			containerPortal = B52E8685298BCE6A0072F9E2 /* Project object */;
			proxyType = 1;
			remoteGlobalIDString = B52E868C298BCE6A0072F9E2;
			remoteInfo = Memoria;
		};
		B52E86B1298BCE6A0072F9E2 /* PBXContainerItemProxy */ = {
			isa = PBXContainerItemProxy;
			containerPortal = B52E8685298BCE6A0072F9E2 /* Project object */;
			proxyType = 1;
			remoteGlobalIDString = B52E868C298BCE6A0072F9E2;
			remoteInfo = Memoria;
		};
/* End PBXContainerItemProxy section */

/* Begin PBXFileReference section */
		B5048297298F735D00011316 /* Memoria.swift */ = {isa = PBXFileReference; lastKnownFileType = sourcecode.swift; path = Memoria.swift; sourceTree = "<group>"; };
		B52E868D298BCE6A0072F9E2 /* Memoria.app */ = {isa = PBXFileReference; explicitFileType = wrapper.application; includeInIndex = 0; path = Memoria.app; sourceTree = BUILT_PRODUCTS_DIR; };
		B52E8690298BCE6A0072F9E2 /* AppDelegate.swift */ = {isa = PBXFileReference; lastKnownFileType = sourcecode.swift; path = AppDelegate.swift; sourceTree = "<group>"; };
		B52E8692298BCE6A0072F9E2 /* SceneDelegate.swift */ = {isa = PBXFileReference; lastKnownFileType = sourcecode.swift; path = SceneDelegate.swift; sourceTree = "<group>"; };
		B52E869A298BCE6A0072F9E2 /* Memoria.xcdatamodel */ = {isa = PBXFileReference; lastKnownFileType = wrapper.xcdatamodel; path = Memoria.xcdatamodel; sourceTree = "<group>"; };
		B52E869C298BCE6A0072F9E2 /* Assets.xcassets */ = {isa = PBXFileReference; lastKnownFileType = folder.assetcatalog; path = Assets.xcassets; sourceTree = "<group>"; };
		B52E869F298BCE6A0072F9E2 /* Base */ = {isa = PBXFileReference; lastKnownFileType = file.storyboard; name = Base; path = Base.lproj/LaunchScreen.storyboard; sourceTree = "<group>"; };
		B52E86A1298BCE6A0072F9E2 /* Info.plist */ = {isa = PBXFileReference; lastKnownFileType = text.plist.xml; path = Info.plist; sourceTree = "<group>"; };
		B52E86A6298BCE6A0072F9E2 /* MemoriaTests.xctest */ = {isa = PBXFileReference; explicitFileType = wrapper.cfbundle; includeInIndex = 0; path = MemoriaTests.xctest; sourceTree = BUILT_PRODUCTS_DIR; };
		B52E86AA298BCE6A0072F9E2 /* MemoriaTests.swift */ = {isa = PBXFileReference; lastKnownFileType = sourcecode.swift; path = MemoriaTests.swift; sourceTree = "<group>"; };
		B52E86B0298BCE6A0072F9E2 /* MemoriaUITests.xctest */ = {isa = PBXFileReference; explicitFileType = wrapper.cfbundle; includeInIndex = 0; path = MemoriaUITests.xctest; sourceTree = BUILT_PRODUCTS_DIR; };
		B52E86B4298BCE6B0072F9E2 /* MemoriaUITests.swift */ = {isa = PBXFileReference; lastKnownFileType = sourcecode.swift; path = MemoriaUITests.swift; sourceTree = "<group>"; };
		B52E86B6298BCE6B0072F9E2 /* MemoriaUITestsLaunchTests.swift */ = {isa = PBXFileReference; lastKnownFileType = sourcecode.swift; path = MemoriaUITestsLaunchTests.swift; sourceTree = "<group>"; };
		B52E86C6298BCEE40072F9E2 /* ReusableIdentifier.swift */ = {isa = PBXFileReference; lastKnownFileType = sourcecode.swift; path = ReusableIdentifier.swift; sourceTree = "<group>"; };
		B52E86C9298BCF220072F9E2 /* UIColor+extension.swift */ = {isa = PBXFileReference; lastKnownFileType = sourcecode.swift; path = "UIColor+extension.swift"; sourceTree = "<group>"; };
		B52E86CC298BCF420072F9E2 /* HomeViewController.swift */ = {isa = PBXFileReference; lastKnownFileType = sourcecode.swift; path = HomeViewController.swift; sourceTree = "<group>"; };
		B52E86D3298BD11F0072F9E2 /* BaseViewController.swift */ = {isa = PBXFileReference; lastKnownFileType = sourcecode.swift; path = BaseViewController.swift; sourceTree = "<group>"; };
		B52E86E3298BEA090072F9E2 /* CustomTabbarController.swift */ = {isa = PBXFileReference; lastKnownFileType = sourcecode.swift; path = CustomTabbarController.swift; sourceTree = "<group>"; };
		B52E86E7298BFFCC0072F9E2 /* BottomTabbarItem.swift */ = {isa = PBXFileReference; lastKnownFileType = sourcecode.swift; path = BottomTabbarItem.swift; sourceTree = "<group>"; };
		B52E86E9298C000A0072F9E2 /* TabBarItemView.swift */ = {isa = PBXFileReference; lastKnownFileType = sourcecode.swift; path = TabBarItemView.swift; sourceTree = "<group>"; };
		B52E86EB298D55850072F9E2 /* Main.storyboard */ = {isa = PBXFileReference; lastKnownFileType = file.storyboard; path = Main.storyboard; sourceTree = "<group>"; };
		B52E86EF298D62FF0072F9E2 /* SettingViewController.swift */ = {isa = PBXFileReference; lastKnownFileType = sourcecode.swift; path = SettingViewController.swift; sourceTree = "<group>"; };
		B52E86F2298E38510072F9E2 /* ViewEmbdder.swift */ = {isa = PBXFileReference; lastKnownFileType = sourcecode.swift; path = ViewEmbdder.swift; sourceTree = "<group>"; };
		B52E86F4298E42F20072F9E2 /* SettingCell.swift */ = {isa = PBXFileReference; lastKnownFileType = sourcecode.swift; path = SettingCell.swift; sourceTree = "<group>"; };
		B52E86F7298E47FA0072F9E2 /* HomeViewModel.swift */ = {isa = PBXFileReference; lastKnownFileType = sourcecode.swift; path = HomeViewModel.swift; sourceTree = "<group>"; };
		B5464F2E29A1DE9A00860CD3 /* UICollectionView+Extension.swift */ = {isa = PBXFileReference; lastKnownFileType = sourcecode.swift; path = "UICollectionView+Extension.swift"; sourceTree = "<group>"; };
		B5471D6B29978A5300838140 /* EditViewController.swift */ = {isa = PBXFileReference; lastKnownFileType = sourcecode.swift; path = EditViewController.swift; sourceTree = "<group>"; };
		B5471D6D2997E82800838140 /* CalendarCell.swift */ = {isa = PBXFileReference; lastKnownFileType = sourcecode.swift; path = CalendarCell.swift; sourceTree = "<group>"; };
		B5488A45299A07FA001AF114 /* ProfileViewController.swift */ = {isa = PBXFileReference; lastKnownFileType = sourcecode.swift; path = ProfileViewController.swift; sourceTree = "<group>"; };
		B5488A47299F5B72001AF114 /* ProfileViewModel.swift */ = {isa = PBXFileReference; lastKnownFileType = sourcecode.swift; path = ProfileViewModel.swift; sourceTree = "<group>"; };
		B5488A4B299F6A69001AF114 /* CalendarViewController.swift */ = {isa = PBXFileReference; lastKnownFileType = sourcecode.swift; path = CalendarViewController.swift; sourceTree = "<group>"; };
		B5488A4D299F6A8C001AF114 /* CalendarViewModel.swift */ = {isa = PBXFileReference; lastKnownFileType = sourcecode.swift; path = CalendarViewModel.swift; sourceTree = "<group>"; };
		B54DB0DD29A3CB1B00F1BDBD /* CoreDataManager.swift */ = {isa = PBXFileReference; lastKnownFileType = sourcecode.swift; path = CoreDataManager.swift; sourceTree = "<group>"; };
		B56A2BD229961E8600829804 /* MemoriaCell.swift */ = {isa = PBXFileReference; lastKnownFileType = sourcecode.swift; path = MemoriaCell.swift; sourceTree = "<group>"; };
		B5F13FDD29925D0D00FDF525 /* EmptyDataView.swift */ = {isa = PBXFileReference; lastKnownFileType = sourcecode.swift; path = EmptyDataView.swift; sourceTree = "<group>"; };
		B5F13FE229929BC500FDF525 /* CalendarView.swift */ = {isa = PBXFileReference; lastKnownFileType = sourcecode.swift; path = CalendarView.swift; sourceTree = "<group>"; };
/* End PBXFileReference section */

/* Begin PBXFrameworksBuildPhase section */
		B52E868A298BCE6A0072F9E2 /* Frameworks */ = {
			isa = PBXFrameworksBuildPhase;
			buildActionMask = 2147483647;
			files = (
				B52E86FD298E48190072F9E2 /* RxCocoa in Frameworks */,
				B5048292298E91EB00011316 /* Differentiator in Frameworks */,
				B52E86DF298BD93F0072F9E2 /* SnapKit in Frameworks */,
				B5048294298E91EB00011316 /* RxDataSources in Frameworks */,
				B52E8701298E48190072F9E2 /* RxSwift in Frameworks */,
				B5488A43299A0132001AF114 /* FSCalendar in Frameworks */,
				B52E86FF298E48190072F9E2 /* RxRelay in Frameworks */,
			);
			runOnlyForDeploymentPostprocessing = 0;
		};
		B52E86A3298BCE6A0072F9E2 /* Frameworks */ = {
			isa = PBXFrameworksBuildPhase;
			buildActionMask = 2147483647;
			files = (
			);
			runOnlyForDeploymentPostprocessing = 0;
		};
		B52E86AD298BCE6A0072F9E2 /* Frameworks */ = {
			isa = PBXFrameworksBuildPhase;
			buildActionMask = 2147483647;
			files = (
			);
			runOnlyForDeploymentPostprocessing = 0;
		};
/* End PBXFrameworksBuildPhase section */

/* Begin PBXGroup section */
		B5048287298E4D3200011316 /* ViewModel */ = {
			isa = PBXGroup;
			children = (
				B52E86F7298E47FA0072F9E2 /* HomeViewModel.swift */,
			);
			path = ViewModel;
			sourceTree = "<group>";
		};
		B5048288298E4F9700011316 /* Application */ = {
			isa = PBXGroup;
			children = (
				B52E8692298BCE6A0072F9E2 /* SceneDelegate.swift */,
				B52E8690298BCE6A0072F9E2 /* AppDelegate.swift */,
			);
			path = Application;
			sourceTree = "<group>";
		};
		B5048289298E4FE200011316 /* Domain */ = {
			isa = PBXGroup;
			children = (
				B504828B298E502200011316 /* Entities */,
			);
			path = Domain;
			sourceTree = "<group>";
		};
		B504828A298E4FFE00011316 /* Data */ = {
			isa = PBXGroup;
			children = (
				B504828F298E8ADA00011316 /* Repositories */,
				B504828E298E8AD200011316 /* CoreData */,
			);
			path = Data;
			sourceTree = "<group>";
		};
		B504828B298E502200011316 /* Entities */ = {
			isa = PBXGroup;
			children = (
				B5048297298F735D00011316 /* Memoria.swift */,
			);
			path = Entities;
			sourceTree = "<group>";
		};
		B504828E298E8AD200011316 /* CoreData */ = {
			isa = PBXGroup;
			children = (
				B54DB0DD29A3CB1B00F1BDBD /* CoreDataManager.swift */,
				B52E8699298BCE6A0072F9E2 /* MemoriaMemoriaApp.xcdatamodeld */,
			);
			path = CoreData;
			sourceTree = "<group>";
		};
		B504828F298E8ADA00011316 /* Repositories */ = {
			isa = PBXGroup;
			children = (
			);
			path = Repositories;
			sourceTree = "<group>";
		};
		B5048299298FDA4200011316 /* Utils */ = {
			isa = PBXGroup;
			children = (
				B52E86C5298BCECD0072F9E2 /* Extension */,
			);
			path = Utils;
			sourceTree = "<group>";
		};
		B52E8684298BCE6A0072F9E2 = {
			isa = PBXGroup;
			children = (
				B52E868F298BCE6A0072F9E2 /* Memoria */,
				B52E86A9298BCE6A0072F9E2 /* MemoriaTests */,
				B52E86B3298BCE6A0072F9E2 /* MemoriaUITests */,
				B52E868E298BCE6A0072F9E2 /* Products */,
			);
			sourceTree = "<group>";
		};
		B52E868E298BCE6A0072F9E2 /* Products */ = {
			isa = PBXGroup;
			children = (
				B52E868D298BCE6A0072F9E2 /* Memoria.app */,
				B52E86A6298BCE6A0072F9E2 /* MemoriaTests.xctest */,
				B52E86B0298BCE6A0072F9E2 /* MemoriaUITests.xctest */,
			);
			name = Products;
			sourceTree = "<group>";
		};
		B52E868F298BCE6A0072F9E2 /* Memoria */ = {
			isa = PBXGroup;
			children = (
				B5048299298FDA4200011316 /* Utils */,
				B504828A298E4FFE00011316 /* Data */,
				B5048289298E4FE200011316 /* Domain */,
				B5048288298E4F9700011316 /* Application */,
				B52E86F1298E382E0072F9E2 /* Coordinator */,
				B52E86C4298BCEC30072F9E2 /* Presentation */,
				B52E86C3298BCEBC0072F9E2 /* Resources */,
				B52E869E298BCE6A0072F9E2 /* LaunchScreen.storyboard */,
				B52E86EB298D55850072F9E2 /* Main.storyboard */,
				B52E86A1298BCE6A0072F9E2 /* Info.plist */,
			);
			path = Memoria;
			sourceTree = "<group>";
		};
		B52E86A9298BCE6A0072F9E2 /* MemoriaTests */ = {
			isa = PBXGroup;
			children = (
				B52E86AA298BCE6A0072F9E2 /* MemoriaTests.swift */,
			);
			path = MemoriaTests;
			sourceTree = "<group>";
		};
		B52E86B3298BCE6A0072F9E2 /* MemoriaUITests */ = {
			isa = PBXGroup;
			children = (
				B52E86B4298BCE6B0072F9E2 /* MemoriaUITests.swift */,
				B52E86B6298BCE6B0072F9E2 /* MemoriaUITestsLaunchTests.swift */,
			);
			path = MemoriaUITests;
			sourceTree = "<group>";
		};
		B52E86C3298BCEBC0072F9E2 /* Resources */ = {
			isa = PBXGroup;
			children = (
				B52E869C298BCE6A0072F9E2 /* Assets.xcassets */,
				B52E86D3298BD11F0072F9E2 /* BaseViewController.swift */,
			);
			path = Resources;
			sourceTree = "<group>";
		};
		B52E86C4298BCEC30072F9E2 /* Presentation */ = {
			isa = PBXGroup;
			children = (
				B5488A49299F6A45001AF114 /* Calendar */,
				B5488A44299A07AA001AF114 /* Profile */,
				B5471D6A29978A3C00838140 /* Edit */,
				B52E86EE298D62F30072F9E2 /* Setting */,
				B52E86E1298BE9AF0072F9E2 /* Components */,
				B52E86CB298BCF310072F9E2 /* Home */,
			);
			path = Presentation;
			sourceTree = "<group>";
		};
		B52E86C5298BCECD0072F9E2 /* Extension */ = {
			isa = PBXGroup;
			children = (
				B52E86C6298BCEE40072F9E2 /* ReusableIdentifier.swift */,
				B52E86C9298BCF220072F9E2 /* UIColor+extension.swift */,
				B5464F2E29A1DE9A00860CD3 /* UICollectionView+Extension.swift */,
			);
			path = Extension;
			sourceTree = "<group>";
		};
		B52E86CB298BCF310072F9E2 /* Home */ = {
			isa = PBXGroup;
			children = (
				B56A2BCF29961E6F00829804 /* Cells */,
				B5048287298E4D3200011316 /* ViewModel */,
				B52E86CC298BCF420072F9E2 /* HomeViewController.swift */,
			);
			path = Home;
			sourceTree = "<group>";
		};
		B52E86E1298BE9AF0072F9E2 /* Components */ = {
			isa = PBXGroup;
			children = (
				B5F13FE129929BA000FDF525 /* CalendarView */,
				B5F13FDC29925CFD00FDF525 /* NoDataView */,
				B52E86E2298BE9D50072F9E2 /* CustomTabbar */,
			);
			path = Components;
			sourceTree = "<group>";
		};
		B52E86E2298BE9D50072F9E2 /* CustomTabbar */ = {
			isa = PBXGroup;
			children = (
				B52E86E3298BEA090072F9E2 /* CustomTabbarController.swift */,
				B52E86E7298BFFCC0072F9E2 /* BottomTabbarItem.swift */,
				B52E86E9298C000A0072F9E2 /* TabBarItemView.swift */,
			);
			path = CustomTabbar;
			sourceTree = "<group>";
		};
		B52E86EE298D62F30072F9E2 /* Setting */ = {
			isa = PBXGroup;
			children = (
				B52E86EF298D62FF0072F9E2 /* SettingViewController.swift */,
				B52E86F4298E42F20072F9E2 /* SettingCell.swift */,
			);
			path = Setting;
			sourceTree = "<group>";
		};
		B52E86F1298E382E0072F9E2 /* Coordinator */ = {
			isa = PBXGroup;
			children = (
				B52E86F2298E38510072F9E2 /* ViewEmbdder.swift */,
			);
			path = Coordinator;
			sourceTree = "<group>";
		};
		B5471D6A29978A3C00838140 /* Edit */ = {
			isa = PBXGroup;
			children = (
				B5471D6B29978A5300838140 /* EditViewController.swift */,
			);
			path = Edit;
			sourceTree = "<group>";
		};
		B5488A44299A07AA001AF114 /* Profile */ = {
			isa = PBXGroup;
			children = (
				B5488A45299A07FA001AF114 /* ProfileViewController.swift */,
				B5488A47299F5B72001AF114 /* ProfileViewModel.swift */,
			);
			path = Profile;
			sourceTree = "<group>";
		};
		B5488A49299F6A45001AF114 /* Calendar */ = {
			isa = PBXGroup;
			children = (
				B5488A4B299F6A69001AF114 /* CalendarViewController.swift */,
				B5488A4D299F6A8C001AF114 /* CalendarViewModel.swift */,
			);
			path = Calendar;
			sourceTree = "<group>";
		};
		B56A2BCF29961E6F00829804 /* Cells */ = {
			isa = PBXGroup;
			children = (
				B56A2BD229961E8600829804 /* MemoriaCell.swift */,
			);
			path = Cells;
			sourceTree = "<group>";
		};
		B5F13FDC29925CFD00FDF525 /* NoDataView */ = {
			isa = PBXGroup;
			children = (
				B5F13FDD29925D0D00FDF525 /* EmptyDataView.swift */,
			);
			path = NoDataView;
			sourceTree = "<group>";
		};
		B5F13FE129929BA000FDF525 /* CalendarView */ = {
			isa = PBXGroup;
			children = (
				B5F13FE229929BC500FDF525 /* CalendarView.swift */,
				B5471D6D2997E82800838140 /* CalendarCell.swift */,
			);
			path = CalendarView;
			sourceTree = "<group>";
		};
/* End PBXGroup section */

/* Begin PBXNativeTarget section */
		B52E868C298BCE6A0072F9E2 /* Memoria */ = {
			isa = PBXNativeTarget;
			buildConfigurationList = B52E86BA298BCE6B0072F9E2 /* Build configuration list for PBXNativeTarget "Memoria" */;
			buildPhases = (
				B52E8689298BCE6A0072F9E2 /* Sources */,
				B52E868A298BCE6A0072F9E2 /* Frameworks */,
				B52E868B298BCE6A0072F9E2 /* Resources */,
			);
			buildRules = (
			);
			dependencies = (
			);
			name = Memoria;
			packageProductDependencies = (
				B52E86DE298BD93F0072F9E2 /* SnapKit */,
				B52E86FC298E48190072F9E2 /* RxCocoa */,
				B52E86FE298E48190072F9E2 /* RxRelay */,
				B52E8700298E48190072F9E2 /* RxSwift */,
				B5048291298E91EB00011316 /* Differentiator */,
				B5048293298E91EB00011316 /* RxDataSources */,
				B5488A42299A0132001AF114 /* FSCalendar */,
			);
			productName = Memoria;
			productReference = B52E868D298BCE6A0072F9E2 /* Memoria.app */;
			productType = "com.apple.product-type.application";
		};
		B52E86A5298BCE6A0072F9E2 /* MemoriaTests */ = {
			isa = PBXNativeTarget;
			buildConfigurationList = B52E86BD298BCE6B0072F9E2 /* Build configuration list for PBXNativeTarget "MemoriaTests" */;
			buildPhases = (
				B52E86A2298BCE6A0072F9E2 /* Sources */,
				B52E86A3298BCE6A0072F9E2 /* Frameworks */,
				B52E86A4298BCE6A0072F9E2 /* Resources */,
			);
			buildRules = (
			);
			dependencies = (
				B52E86A8298BCE6A0072F9E2 /* PBXTargetDependency */,
			);
			name = MemoriaTests;
			productName = MemoriaTests;
			productReference = B52E86A6298BCE6A0072F9E2 /* MemoriaTests.xctest */;
			productType = "com.apple.product-type.bundle.unit-test";
		};
		B52E86AF298BCE6A0072F9E2 /* MemoriaUITests */ = {
			isa = PBXNativeTarget;
			buildConfigurationList = B52E86C0298BCE6B0072F9E2 /* Build configuration list for PBXNativeTarget "MemoriaUITests" */;
			buildPhases = (
				B52E86AC298BCE6A0072F9E2 /* Sources */,
				B52E86AD298BCE6A0072F9E2 /* Frameworks */,
				B52E86AE298BCE6A0072F9E2 /* Resources */,
			);
			buildRules = (
			);
			dependencies = (
				B52E86B2298BCE6A0072F9E2 /* PBXTargetDependency */,
			);
			name = MemoriaUITests;
			productName = MemoriaUITests;
			productReference = B52E86B0298BCE6A0072F9E2 /* MemoriaUITests.xctest */;
			productType = "com.apple.product-type.bundle.ui-testing";
		};
/* End PBXNativeTarget section */

/* Begin PBXProject section */
		B52E8685298BCE6A0072F9E2 /* Project object */ = {
			isa = PBXProject;
			attributes = {
				BuildIndependentTargetsInParallel = 1;
				LastSwiftUpdateCheck = 1420;
				LastUpgradeCheck = 1420;
				TargetAttributes = {
					B52E868C298BCE6A0072F9E2 = {
						CreatedOnToolsVersion = 14.2;
					};
					B52E86A5298BCE6A0072F9E2 = {
						CreatedOnToolsVersion = 14.2;
						TestTargetID = B52E868C298BCE6A0072F9E2;
					};
					B52E86AF298BCE6A0072F9E2 = {
						CreatedOnToolsVersion = 14.2;
						TestTargetID = B52E868C298BCE6A0072F9E2;
					};
				};
			};
			buildConfigurationList = B52E8688298BCE6A0072F9E2 /* Build configuration list for PBXProject "Memoria" */;
			compatibilityVersion = "Xcode 14.0";
			developmentRegion = en;
			hasScannedForEncodings = 0;
			knownRegions = (
				en,
				Base,
			);
			mainGroup = B52E8684298BCE6A0072F9E2;
			packageReferences = (
				B52E86DD298BD93F0072F9E2 /* XCRemoteSwiftPackageReference "SnapKit" */,
				B52E86F9298E48190072F9E2 /* XCRemoteSwiftPackageReference "RxSwift" */,
				B5048290298E91EB00011316 /* XCRemoteSwiftPackageReference "RxDataSources" */,
				B5488A41299A0132001AF114 /* XCRemoteSwiftPackageReference "FSCalendar" */,
			);
			productRefGroup = B52E868E298BCE6A0072F9E2 /* Products */;
			projectDirPath = "";
			projectRoot = "";
			targets = (
				B52E868C298BCE6A0072F9E2 /* Memoria */,
				B52E86A5298BCE6A0072F9E2 /* MemoriaTests */,
				B52E86AF298BCE6A0072F9E2 /* MemoriaUITests */,
			);
		};
/* End PBXProject section */

/* Begin PBXResourcesBuildPhase section */
		B52E868B298BCE6A0072F9E2 /* Resources */ = {
			isa = PBXResourcesBuildPhase;
			buildActionMask = 2147483647;
			files = (
				B52E86EC298D55850072F9E2 /* Main.storyboard in Resources */,
				B52E86A0298BCE6A0072F9E2 /* LaunchScreen.storyboard in Resources */,
				B52E869D298BCE6A0072F9E2 /* Assets.xcassets in Resources */,
			);
			runOnlyForDeploymentPostprocessing = 0;
		};
		B52E86A4298BCE6A0072F9E2 /* Resources */ = {
			isa = PBXResourcesBuildPhase;
			buildActionMask = 2147483647;
			files = (
			);
			runOnlyForDeploymentPostprocessing = 0;
		};
		B52E86AE298BCE6A0072F9E2 /* Resources */ = {
			isa = PBXResourcesBuildPhase;
			buildActionMask = 2147483647;
			files = (
			);
			runOnlyForDeploymentPostprocessing = 0;
		};
/* End PBXResourcesBuildPhase section */

/* Begin PBXSourcesBuildPhase section */
		B52E8689298BCE6A0072F9E2 /* Sources */ = {
			isa = PBXSourcesBuildPhase;
			buildActionMask = 2147483647;
			files = (
				B52E86E8298BFFCC0072F9E2 /* BottomTabbarItem.swift in Sources */,
				B52E8691298BCE6A0072F9E2 /* AppDelegate.swift in Sources */,
				B52E869B298BCE6A0072F9E2 /* MemoriaMemoriaApp.xcdatamodeld in Sources */,
				B5048298298F735D00011316 /* Memoria.swift in Sources */,
				B56A2BD329961E8600829804 /* MemoriaCell.swift in Sources */,
				B5488A4C299F6A69001AF114 /* CalendarViewController.swift in Sources */,
				B5488A48299F5B72001AF114 /* ProfileViewModel.swift in Sources */,
				B52E86F5298E42F20072F9E2 /* SettingCell.swift in Sources */,
				B5471D6E2997E82800838140 /* CalendarCell.swift in Sources */,
				B52E86CA298BCF220072F9E2 /* UIColor+extension.swift in Sources */,
				B52E86EA298C000A0072F9E2 /* TabBarItemView.swift in Sources */,
				B52E8693298BCE6A0072F9E2 /* SceneDelegate.swift in Sources */,
				B52E86CD298BCF420072F9E2 /* HomeViewController.swift in Sources */,
				B5F13FDE29925D0D00FDF525 /* EmptyDataView.swift in Sources */,
				B52E86D4298BD11F0072F9E2 /* BaseViewController.swift in Sources */,
				B5488A4E299F6A8C001AF114 /* CalendarViewModel.swift in Sources */,
				B52E86E4298BEA090072F9E2 /* CustomTabbarController.swift in Sources */,
				B5464F2F29A1DE9A00860CD3 /* UICollectionView+Extension.swift in Sources */,
				B5488A46299A07FA001AF114 /* ProfileViewController.swift in Sources */,
				B52E86C7298BCEE40072F9E2 /* ReusableIdentifier.swift in Sources */,
				B54DB0DE29A3CB1B00F1BDBD /* CoreDataManager.swift in Sources */,
				B5471D6C29978A5300838140 /* EditViewController.swift in Sources */,
				B5F13FE329929BC500FDF525 /* CalendarView.swift in Sources */,
				B52E86F3298E38510072F9E2 /* ViewEmbdder.swift in Sources */,
				B52E86F8298E47FA0072F9E2 /* HomeViewModel.swift in Sources */,
				B52E86F0298D62FF0072F9E2 /* SettingViewController.swift in Sources */,
			);
			runOnlyForDeploymentPostprocessing = 0;
		};
		B52E86A2298BCE6A0072F9E2 /* Sources */ = {
			isa = PBXSourcesBuildPhase;
			buildActionMask = 2147483647;
			files = (
				B52E86AB298BCE6A0072F9E2 /* MemoriaTests.swift in Sources */,
			);
			runOnlyForDeploymentPostprocessing = 0;
		};
		B52E86AC298BCE6A0072F9E2 /* Sources */ = {
			isa = PBXSourcesBuildPhase;
			buildActionMask = 2147483647;
			files = (
				B52E86B5298BCE6B0072F9E2 /* MemoriaUITests.swift in Sources */,
				B52E86B7298BCE6B0072F9E2 /* MemoriaUITestsLaunchTests.swift in Sources */,
			);
			runOnlyForDeploymentPostprocessing = 0;
		};
/* End PBXSourcesBuildPhase section */

/* Begin PBXTargetDependency section */
		B52E86A8298BCE6A0072F9E2 /* PBXTargetDependency */ = {
			isa = PBXTargetDependency;
			target = B52E868C298BCE6A0072F9E2 /* Memoria */;
			targetProxy = B52E86A7298BCE6A0072F9E2 /* PBXContainerItemProxy */;
		};
		B52E86B2298BCE6A0072F9E2 /* PBXTargetDependency */ = {
			isa = PBXTargetDependency;
			target = B52E868C298BCE6A0072F9E2 /* Memoria */;
			targetProxy = B52E86B1298BCE6A0072F9E2 /* PBXContainerItemProxy */;
		};
/* End PBXTargetDependency section */

/* Begin PBXVariantGroup section */
		B52E869E298BCE6A0072F9E2 /* LaunchScreen.storyboard */ = {
			isa = PBXVariantGroup;
			children = (
				B52E869F298BCE6A0072F9E2 /* Base */,
			);
			name = LaunchScreen.storyboard;
			sourceTree = "<group>";
		};
/* End PBXVariantGroup section */

/* Begin XCBuildConfiguration section */
		B52E86B8298BCE6B0072F9E2 /* Debug */ = {
			isa = XCBuildConfiguration;
			buildSettings = {
				ALWAYS_SEARCH_USER_PATHS = NO;
				CLANG_ANALYZER_NONNULL = YES;
				CLANG_ANALYZER_NUMBER_OBJECT_CONVERSION = YES_AGGRESSIVE;
				CLANG_CXX_LANGUAGE_STANDARD = "gnu++20";
				CLANG_ENABLE_MODULES = YES;
				CLANG_ENABLE_OBJC_ARC = YES;
				CLANG_ENABLE_OBJC_WEAK = YES;
				CLANG_WARN_BLOCK_CAPTURE_AUTORELEASING = YES;
				CLANG_WARN_BOOL_CONVERSION = YES;
				CLANG_WARN_COMMA = YES;
				CLANG_WARN_CONSTANT_CONVERSION = YES;
				CLANG_WARN_DEPRECATED_OBJC_IMPLEMENTATIONS = YES;
				CLANG_WARN_DIRECT_OBJC_ISA_USAGE = YES_ERROR;
				CLANG_WARN_DOCUMENTATION_COMMENTS = YES;
				CLANG_WARN_EMPTY_BODY = YES;
				CLANG_WARN_ENUM_CONVERSION = YES;
				CLANG_WARN_INFINITE_RECURSION = YES;
				CLANG_WARN_INT_CONVERSION = YES;
				CLANG_WARN_NON_LITERAL_NULL_CONVERSION = YES;
				CLANG_WARN_OBJC_IMPLICIT_RETAIN_SELF = YES;
				CLANG_WARN_OBJC_LITERAL_CONVERSION = YES;
				CLANG_WARN_OBJC_ROOT_CLASS = YES_ERROR;
				CLANG_WARN_QUOTED_INCLUDE_IN_FRAMEWORK_HEADER = YES;
				CLANG_WARN_RANGE_LOOP_ANALYSIS = YES;
				CLANG_WARN_STRICT_PROTOTYPES = YES;
				CLANG_WARN_SUSPICIOUS_MOVE = YES;
				CLANG_WARN_UNGUARDED_AVAILABILITY = YES_AGGRESSIVE;
				CLANG_WARN_UNREACHABLE_CODE = YES;
				CLANG_WARN__DUPLICATE_METHOD_MATCH = YES;
				COPY_PHASE_STRIP = NO;
				DEBUG_INFORMATION_FORMAT = dwarf;
				ENABLE_STRICT_OBJC_MSGSEND = YES;
				ENABLE_TESTABILITY = YES;
				GCC_C_LANGUAGE_STANDARD = gnu11;
				GCC_DYNAMIC_NO_PIC = NO;
				GCC_NO_COMMON_BLOCKS = YES;
				GCC_OPTIMIZATION_LEVEL = 0;
				GCC_PREPROCESSOR_DEFINITIONS = (
					"DEBUG=1",
					"$(inherited)",
				);
				GCC_WARN_64_TO_32_BIT_CONVERSION = YES;
				GCC_WARN_ABOUT_RETURN_TYPE = YES_ERROR;
				GCC_WARN_UNDECLARED_SELECTOR = YES;
				GCC_WARN_UNINITIALIZED_AUTOS = YES_AGGRESSIVE;
				GCC_WARN_UNUSED_FUNCTION = YES;
				GCC_WARN_UNUSED_VARIABLE = YES;
				IPHONEOS_DEPLOYMENT_TARGET = 16.0;
				MTL_ENABLE_DEBUG_INFO = INCLUDE_SOURCE;
				MTL_FAST_MATH = YES;
				ONLY_ACTIVE_ARCH = YES;
				SDKROOT = iphoneos;
				SWIFT_ACTIVE_COMPILATION_CONDITIONS = DEBUG;
				SWIFT_OPTIMIZATION_LEVEL = "-Onone";
			};
			name = Debug;
		};
		B52E86B9298BCE6B0072F9E2 /* Release */ = {
			isa = XCBuildConfiguration;
			buildSettings = {
				ALWAYS_SEARCH_USER_PATHS = NO;
				CLANG_ANALYZER_NONNULL = YES;
				CLANG_ANALYZER_NUMBER_OBJECT_CONVERSION = YES_AGGRESSIVE;
				CLANG_CXX_LANGUAGE_STANDARD = "gnu++20";
				CLANG_ENABLE_MODULES = YES;
				CLANG_ENABLE_OBJC_ARC = YES;
				CLANG_ENABLE_OBJC_WEAK = YES;
				CLANG_WARN_BLOCK_CAPTURE_AUTORELEASING = YES;
				CLANG_WARN_BOOL_CONVERSION = YES;
				CLANG_WARN_COMMA = YES;
				CLANG_WARN_CONSTANT_CONVERSION = YES;
				CLANG_WARN_DEPRECATED_OBJC_IMPLEMENTATIONS = YES;
				CLANG_WARN_DIRECT_OBJC_ISA_USAGE = YES_ERROR;
				CLANG_WARN_DOCUMENTATION_COMMENTS = YES;
				CLANG_WARN_EMPTY_BODY = YES;
				CLANG_WARN_ENUM_CONVERSION = YES;
				CLANG_WARN_INFINITE_RECURSION = YES;
				CLANG_WARN_INT_CONVERSION = YES;
				CLANG_WARN_NON_LITERAL_NULL_CONVERSION = YES;
				CLANG_WARN_OBJC_IMPLICIT_RETAIN_SELF = YES;
				CLANG_WARN_OBJC_LITERAL_CONVERSION = YES;
				CLANG_WARN_OBJC_ROOT_CLASS = YES_ERROR;
				CLANG_WARN_QUOTED_INCLUDE_IN_FRAMEWORK_HEADER = YES;
				CLANG_WARN_RANGE_LOOP_ANALYSIS = YES;
				CLANG_WARN_STRICT_PROTOTYPES = YES;
				CLANG_WARN_SUSPICIOUS_MOVE = YES;
				CLANG_WARN_UNGUARDED_AVAILABILITY = YES_AGGRESSIVE;
				CLANG_WARN_UNREACHABLE_CODE = YES;
				CLANG_WARN__DUPLICATE_METHOD_MATCH = YES;
				COPY_PHASE_STRIP = NO;
				DEBUG_INFORMATION_FORMAT = "dwarf-with-dsym";
				ENABLE_NS_ASSERTIONS = NO;
				ENABLE_STRICT_OBJC_MSGSEND = YES;
				GCC_C_LANGUAGE_STANDARD = gnu11;
				GCC_NO_COMMON_BLOCKS = YES;
				GCC_WARN_64_TO_32_BIT_CONVERSION = YES;
				GCC_WARN_ABOUT_RETURN_TYPE = YES_ERROR;
				GCC_WARN_UNDECLARED_SELECTOR = YES;
				GCC_WARN_UNINITIALIZED_AUTOS = YES_AGGRESSIVE;
				GCC_WARN_UNUSED_FUNCTION = YES;
				GCC_WARN_UNUSED_VARIABLE = YES;
				IPHONEOS_DEPLOYMENT_TARGET = 16.0;
				MTL_ENABLE_DEBUG_INFO = NO;
				MTL_FAST_MATH = YES;
				SDKROOT = iphoneos;
				SWIFT_COMPILATION_MODE = wholemodule;
				SWIFT_OPTIMIZATION_LEVEL = "-O";
				VALIDATE_PRODUCT = YES;
			};
			name = Release;
		};
		B52E86BB298BCE6B0072F9E2 /* Debug */ = {
			isa = XCBuildConfiguration;
			buildSettings = {
				ASSETCATALOG_COMPILER_APPICON_NAME = AppIcon;
				ASSETCATALOG_COMPILER_GLOBAL_ACCENT_COLOR_NAME = AccentColor;
				CODE_SIGN_STYLE = Automatic;
				CURRENT_PROJECT_VERSION = 1;
				DEVELOPMENT_TEAM = AU24ZRJ649;
				GENERATE_INFOPLIST_FILE = YES;
				INFOPLIST_FILE = Memoria/Info.plist;
				INFOPLIST_KEY_LSApplicationCategoryType = "public.app-category.lifestyle";
				INFOPLIST_KEY_UIApplicationSupportsIndirectInputEvents = YES;
				INFOPLIST_KEY_UILaunchStoryboardName = LaunchScreen;
				INFOPLIST_KEY_UIMainStoryboardFile = "";
				INFOPLIST_KEY_UIRequiresFullScreen = NO;
				INFOPLIST_KEY_UIStatusBarStyle = "";
				INFOPLIST_KEY_UISupportedInterfaceOrientations_iPad = "UIInterfaceOrientationPortrait UIInterfaceOrientationPortraitUpsideDown UIInterfaceOrientationLandscapeLeft UIInterfaceOrientationLandscapeRight";
				INFOPLIST_KEY_UISupportedInterfaceOrientations_iPhone = "UIInterfaceOrientationPortrait UIInterfaceOrientationLandscapeLeft UIInterfaceOrientationLandscapeRight";
				IPHONEOS_DEPLOYMENT_TARGET = 16.0;
				LD_RUNPATH_SEARCH_PATHS = (
					"$(inherited)",
					"@executable_path/Frameworks",
				);
				MARKETING_VERSION = 1.0;
				PRODUCT_BUNDLE_IDENTIFIER = Minjae.Memoria;
				PRODUCT_NAME = "$(TARGET_NAME)";
				SUPPORTED_PLATFORMS = "iphoneos iphonesimulator";
				SUPPORTS_MACCATALYST = NO;
				SUPPORTS_MAC_DESIGNED_FOR_IPHONE_IPAD = NO;
				SWIFT_EMIT_LOC_STRINGS = YES;
				SWIFT_VERSION = 5.0;
				TARGETED_DEVICE_FAMILY = "1,2";
			};
			name = Debug;
		};
		B52E86BC298BCE6B0072F9E2 /* Release */ = {
			isa = XCBuildConfiguration;
			buildSettings = {
				ASSETCATALOG_COMPILER_APPICON_NAME = AppIcon;
				ASSETCATALOG_COMPILER_GLOBAL_ACCENT_COLOR_NAME = AccentColor;
				CODE_SIGN_STYLE = Automatic;
				CURRENT_PROJECT_VERSION = 1;
				DEVELOPMENT_TEAM = AU24ZRJ649;
				GENERATE_INFOPLIST_FILE = YES;
				INFOPLIST_FILE = Memoria/Info.plist;
				INFOPLIST_KEY_LSApplicationCategoryType = "public.app-category.lifestyle";
				INFOPLIST_KEY_UIApplicationSupportsIndirectInputEvents = YES;
				INFOPLIST_KEY_UILaunchStoryboardName = LaunchScreen;
				INFOPLIST_KEY_UIMainStoryboardFile = "";
				INFOPLIST_KEY_UIRequiresFullScreen = NO;
				INFOPLIST_KEY_UIStatusBarStyle = "";
				INFOPLIST_KEY_UISupportedInterfaceOrientations_iPad = "UIInterfaceOrientationPortrait UIInterfaceOrientationPortraitUpsideDown UIInterfaceOrientationLandscapeLeft UIInterfaceOrientationLandscapeRight";
				INFOPLIST_KEY_UISupportedInterfaceOrientations_iPhone = "UIInterfaceOrientationPortrait UIInterfaceOrientationLandscapeLeft UIInterfaceOrientationLandscapeRight";
				IPHONEOS_DEPLOYMENT_TARGET = 16.0;
				LD_RUNPATH_SEARCH_PATHS = (
					"$(inherited)",
					"@executable_path/Frameworks",
				);
				MARKETING_VERSION = 1.0;
				PRODUCT_BUNDLE_IDENTIFIER = Minjae.Memoria;
				PRODUCT_NAME = "$(TARGET_NAME)";
				SUPPORTED_PLATFORMS = "iphoneos iphonesimulator";
				SUPPORTS_MACCATALYST = NO;
				SUPPORTS_MAC_DESIGNED_FOR_IPHONE_IPAD = NO;
				SWIFT_EMIT_LOC_STRINGS = YES;
				SWIFT_VERSION = 5.0;
				TARGETED_DEVICE_FAMILY = "1,2";
			};
			name = Release;
		};
		B52E86BE298BCE6B0072F9E2 /* Debug */ = {
			isa = XCBuildConfiguration;
			buildSettings = {
				ALWAYS_EMBED_SWIFT_STANDARD_LIBRARIES = YES;
				BUNDLE_LOADER = "$(TEST_HOST)";
				CODE_SIGN_STYLE = Automatic;
				CURRENT_PROJECT_VERSION = 1;
				DEVELOPMENT_TEAM = AU24ZRJ649;
				GENERATE_INFOPLIST_FILE = YES;
				IPHONEOS_DEPLOYMENT_TARGET = 16.2;
				MARKETING_VERSION = 1.0;
				PRODUCT_BUNDLE_IDENTIFIER = Minjae.MemoriaTests;
				PRODUCT_NAME = "$(TARGET_NAME)";
				SWIFT_EMIT_LOC_STRINGS = NO;
				SWIFT_VERSION = 5.0;
				TARGETED_DEVICE_FAMILY = "1,2";
				TEST_HOST = "$(BUILT_PRODUCTS_DIR)/Memoria.app/$(BUNDLE_EXECUTABLE_FOLDER_PATH)/Memoria";
			};
			name = Debug;
		};
		B52E86BF298BCE6B0072F9E2 /* Release */ = {
			isa = XCBuildConfiguration;
			buildSettings = {
				ALWAYS_EMBED_SWIFT_STANDARD_LIBRARIES = YES;
				BUNDLE_LOADER = "$(TEST_HOST)";
				CODE_SIGN_STYLE = Automatic;
				CURRENT_PROJECT_VERSION = 1;
				DEVELOPMENT_TEAM = AU24ZRJ649;
				GENERATE_INFOPLIST_FILE = YES;
				IPHONEOS_DEPLOYMENT_TARGET = 16.2;
				MARKETING_VERSION = 1.0;
				PRODUCT_BUNDLE_IDENTIFIER = Minjae.MemoriaTests;
				PRODUCT_NAME = "$(TARGET_NAME)";
				SWIFT_EMIT_LOC_STRINGS = NO;
				SWIFT_VERSION = 5.0;
				TARGETED_DEVICE_FAMILY = "1,2";
				TEST_HOST = "$(BUILT_PRODUCTS_DIR)/Memoria.app/$(BUNDLE_EXECUTABLE_FOLDER_PATH)/Memoria";
			};
			name = Release;
		};
		B52E86C1298BCE6B0072F9E2 /* Debug */ = {
			isa = XCBuildConfiguration;
			buildSettings = {
				ALWAYS_EMBED_SWIFT_STANDARD_LIBRARIES = YES;
				CODE_SIGN_STYLE = Automatic;
				CURRENT_PROJECT_VERSION = 1;
				DEVELOPMENT_TEAM = AU24ZRJ649;
				GENERATE_INFOPLIST_FILE = YES;
				MARKETING_VERSION = 1.0;
				PRODUCT_BUNDLE_IDENTIFIER = Minjae.MemoriaUITests;
				PRODUCT_NAME = "$(TARGET_NAME)";
				SWIFT_EMIT_LOC_STRINGS = NO;
				SWIFT_VERSION = 5.0;
				TARGETED_DEVICE_FAMILY = "1,2";
				TEST_TARGET_NAME = Memoria;
			};
			name = Debug;
		};
		B52E86C2298BCE6B0072F9E2 /* Release */ = {
			isa = XCBuildConfiguration;
			buildSettings = {
				ALWAYS_EMBED_SWIFT_STANDARD_LIBRARIES = YES;
				CODE_SIGN_STYLE = Automatic;
				CURRENT_PROJECT_VERSION = 1;
				DEVELOPMENT_TEAM = AU24ZRJ649;
				GENERATE_INFOPLIST_FILE = YES;
				MARKETING_VERSION = 1.0;
				PRODUCT_BUNDLE_IDENTIFIER = Minjae.MemoriaUITests;
				PRODUCT_NAME = "$(TARGET_NAME)";
				SWIFT_EMIT_LOC_STRINGS = NO;
				SWIFT_VERSION = 5.0;
				TARGETED_DEVICE_FAMILY = "1,2";
				TEST_TARGET_NAME = Memoria;
			};
			name = Release;
		};
/* End XCBuildConfiguration section */

/* Begin XCConfigurationList section */
		B52E8688298BCE6A0072F9E2 /* Build configuration list for PBXProject "Memoria" */ = {
			isa = XCConfigurationList;
			buildConfigurations = (
				B52E86B8298BCE6B0072F9E2 /* Debug */,
				B52E86B9298BCE6B0072F9E2 /* Release */,
			);
			defaultConfigurationIsVisible = 0;
			defaultConfigurationName = Release;
		};
		B52E86BA298BCE6B0072F9E2 /* Build configuration list for PBXNativeTarget "Memoria" */ = {
			isa = XCConfigurationList;
			buildConfigurations = (
				B52E86BB298BCE6B0072F9E2 /* Debug */,
				B52E86BC298BCE6B0072F9E2 /* Release */,
			);
			defaultConfigurationIsVisible = 0;
			defaultConfigurationName = Release;
		};
		B52E86BD298BCE6B0072F9E2 /* Build configuration list for PBXNativeTarget "MemoriaTests" */ = {
			isa = XCConfigurationList;
			buildConfigurations = (
				B52E86BE298BCE6B0072F9E2 /* Debug */,
				B52E86BF298BCE6B0072F9E2 /* Release */,
			);
			defaultConfigurationIsVisible = 0;
			defaultConfigurationName = Release;
		};
		B52E86C0298BCE6B0072F9E2 /* Build configuration list for PBXNativeTarget "MemoriaUITests" */ = {
			isa = XCConfigurationList;
			buildConfigurations = (
				B52E86C1298BCE6B0072F9E2 /* Debug */,
				B52E86C2298BCE6B0072F9E2 /* Release */,
			);
			defaultConfigurationIsVisible = 0;
			defaultConfigurationName = Release;
		};
/* End XCConfigurationList section */

/* Begin XCRemoteSwiftPackageReference section */
		B5048290298E91EB00011316 /* XCRemoteSwiftPackageReference "RxDataSources" */ = {
			isa = XCRemoteSwiftPackageReference;
			repositoryURL = "https://github.com/RxSwiftCommunity/RxDataSources";
			requirement = {
				kind = upToNextMajorVersion;
				minimumVersion = 5.0.0;
			};
		};
		B52E86DD298BD93F0072F9E2 /* XCRemoteSwiftPackageReference "SnapKit" */ = {
			isa = XCRemoteSwiftPackageReference;
			repositoryURL = "https://github.com/SnapKit/SnapKit";
			requirement = {
				branch = develop;
				kind = branch;
			};
		};
		B52E86F9298E48190072F9E2 /* XCRemoteSwiftPackageReference "RxSwift" */ = {
			isa = XCRemoteSwiftPackageReference;
			repositoryURL = "https://github.com/ReactiveX/RxSwift.git";
			requirement = {
				kind = upToNextMajorVersion;
				minimumVersion = 6.0.0;
			};
		};
		B5488A41299A0132001AF114 /* XCRemoteSwiftPackageReference "FSCalendar" */ = {
			isa = XCRemoteSwiftPackageReference;
			repositoryURL = "https://github.com/WenchaoD/FSCalendar";
			requirement = {
				branch = master;
				kind = branch;
			};
		};
/* End XCRemoteSwiftPackageReference section */

/* Begin XCSwiftPackageProductDependency section */
		B5048291298E91EB00011316 /* Differentiator */ = {
			isa = XCSwiftPackageProductDependency;
			package = B5048290298E91EB00011316 /* XCRemoteSwiftPackageReference "RxDataSources" */;
			productName = Differentiator;
		};
		B5048293298E91EB00011316 /* RxDataSources */ = {
			isa = XCSwiftPackageProductDependency;
			package = B5048290298E91EB00011316 /* XCRemoteSwiftPackageReference "RxDataSources" */;
			productName = RxDataSources;
		};
		B52E86DE298BD93F0072F9E2 /* SnapKit */ = {
			isa = XCSwiftPackageProductDependency;
			package = B52E86DD298BD93F0072F9E2 /* XCRemoteSwiftPackageReference "SnapKit" */;
			productName = SnapKit;
		};
		B52E86FC298E48190072F9E2 /* RxCocoa */ = {
			isa = XCSwiftPackageProductDependency;
			package = B52E86F9298E48190072F9E2 /* XCRemoteSwiftPackageReference "RxSwift" */;
			productName = RxCocoa;
		};
		B52E86FE298E48190072F9E2 /* RxRelay */ = {
			isa = XCSwiftPackageProductDependency;
			package = B52E86F9298E48190072F9E2 /* XCRemoteSwiftPackageReference "RxSwift" */;
			productName = RxRelay;
		};
		B52E8700298E48190072F9E2 /* RxSwift */ = {
			isa = XCSwiftPackageProductDependency;
			package = B52E86F9298E48190072F9E2 /* XCRemoteSwiftPackageReference "RxSwift" */;
			productName = RxSwift;
		};
		B5488A42299A0132001AF114 /* FSCalendar */ = {
			isa = XCSwiftPackageProductDependency;
			package = B5488A41299A0132001AF114 /* XCRemoteSwiftPackageReference "FSCalendar" */;
			productName = FSCalendar;
		};
/* End XCSwiftPackageProductDependency section */

/* Begin XCVersionGroup section */
		B52E8699298BCE6A0072F9E2 /* MemoriaMemoriaApp.xcdatamodeld */ = {
			isa = XCVersionGroup;
			children = (
				B52E869A298BCE6A0072F9E2 /* Memoria.xcdatamodel */,
			);
			currentVersion = B52E869A298BCE6A0072F9E2 /* Memoria.xcdatamodel */;
			path = MemoriaMemoriaApp.xcdatamodeld;
			sourceTree = "<group>";
			versionGroupType = wrapper.xcdatamodel;
		};
/* End XCVersionGroup section */
	};
	rootObject = B52E8685298BCE6A0072F9E2 /* Project object */;
}
